
Microsoft Visual Studio Solution File, Format Version 12.00
# Visual Studio Version 16
VisualStudioVersion = 16.0.31829.152
MinimumVisualStudioVersion = 10.0.40219.1
Project("{2150E333-8FDC-42A3-9474-1A3956D46DE8}") = "Enterprise Business Rules", "Enterprise Business Rules", "{8716F42F-4764-49AD-9D9B-97027952BEEE}"
EndProject
Project("{2150E333-8FDC-42A3-9474-1A3956D46DE8}") = "Application Business Rules", "Application Business Rules", "{DAAB2FC0-4765-41A2-958F-1B651F9DD423}"
EndProject
Project("{2150E333-8FDC-42A3-9474-1A3956D46DE8}") = "Interface Adapters", "Interface Adapters", "{0348D63D-72D6-47D4-A066-C3CE4D73E06C}"
EndProject
Project("{2150E333-8FDC-42A3-9474-1A3956D46DE8}") = "Frameworks and Drives", "Frameworks and Drives", "{86F9841D-80DE-4B4F-8326-DA92D3032BDA}"
EndProject
Project("{9A19103F-16F7-4668-BE54-9A1E7A4F7556}") = "ATours.Entities", "ATours.Entities\ATours.Entities.csproj", "{5A2D0BAB-AB15-4E53-9C84-6CC044668543}"
EndProject
Project("{2150E333-8FDC-42A3-9474-1A3956D46DE8}") = "Gateways", "Gateways", "{23506516-D857-4F86-885A-633E031FC0EF}"
EndProject
Project("{9A19103F-16F7-4668-BE54-9A1E7A4F7556}") = "ATours.Repositories.EFCore", "ATours.Repositories.EFCore\ATours.Repositories.EFCore.csproj", "{FCF9971E-B49D-44AE-9BAA-0FF79AB913FD}"
EndProject
Project("{9A19103F-16F7-4668-BE54-9A1E7A4F7556}") = "ATours.UseCasesDtos", "ATours.UseCasesDtos\ATours.UseCasesDtos.csproj", "{2FDC0CF1-697F-46DB-883B-BCC68544C6F8}"
EndProject
Project("{9A19103F-16F7-4668-BE54-9A1E7A4F7556}") = "ATours.UseCases", "ATours.UsesCases\ATours.UseCases.csproj", "{F7D827D7-604D-4B6D-BE7F-99FF3FE1E43B}"
EndProject
Project("{9A19103F-16F7-4668-BE54-9A1E7A4F7556}") = "ATours.IoC", "ATours.IoC\ATours.IoC.csproj", "{BA4A1DAC-D7BB-4DB8-95D4-1DE7768E01D7}"
EndProject
Project("{2150E333-8FDC-42A3-9474-1A3956D46DE8}") = "Presenter", "Presenter", "{FA8C0AEE-8343-449F-8608-661C0F4686B3}"
EndProject
Project("{9A19103F-16F7-4668-BE54-9A1E7A4F7556}") = "ATours.WebExceptionPresenter", "ATours.WebExceptionPresenter\ATours.WebExceptionPresenter.csproj", "{D51CEF4E-FE23-4F51-B433-53F668C9F88A}"
EndProject
Project("{9A19103F-16F7-4668-BE54-9A1E7A4F7556}") = "ATours.Presenters", "ATours.Presenters\ATours.Presenters.csproj", "{69699450-A850-4691-88CB-941C7F045CF7}"
EndProject
Project("{2150E333-8FDC-42A3-9474-1A3956D46DE8}") = "Controllers", "Controllers", "{C6E9CCA3-C156-45AF-B133-2821AF0C6784}"
EndProject
Project("{9A19103F-16F7-4668-BE54-9A1E7A4F7556}") = "ATours.Controllers", "ATours.Controllers\ATours.Controllers.csproj", "{7A7F278C-EB64-4251-9921-C3518400CF70}"
EndProject
Project("{2150E333-8FDC-42A3-9474-1A3956D46DE8}") = "UI", "UI", "{2DE380DC-3370-4F1B-9394-35BBA03BAE8A}"
EndProject
Project("{9A19103F-16F7-4668-BE54-9A1E7A4F7556}") = "ATours.WebApi", "ATours.WebApi\ATours.WebApi.csproj", "{BCA0D628-8D80-460C-AD51-D0FB31554FBB}"
EndProject
Project("{9A19103F-16F7-4668-BE54-9A1E7A4F7556}") = "ATours.UseCasesPorts", "ATours.UseCasesPorts\ATours.UseCasesPorts.csproj", "{7EA9BB93-B4A5-467D-9E95-E0621A3CA2AA}"
EndProject
Project("{FAE04EC0-301F-11D3-BF4B-00C04F79EFBC}") = "ATours.Respositories.Dapper", "ATours.Respositories.Dapper\ATours.Respositories.Dapper.csproj", "{45ED6A49-8381-47E0-8F99-A4F727903B25}"
EndProject
Global
	GlobalSection(SolutionConfigurationPlatforms) = preSolution
		Debug|Any CPU = Debug|Any CPU
		Release|Any CPU = Release|Any CPU
	EndGlobalSection
	GlobalSection(ProjectConfigurationPlatforms) = postSolution
		{5A2D0BAB-AB15-4E53-9C84-6CC044668543}.Debug|Any CPU.ActiveCfg = Debug|Any CPU
		{5A2D0BAB-AB15-4E53-9C84-6CC044668543}.Debug|Any CPU.Build.0 = Debug|Any CPU
		{5A2D0BAB-AB15-4E53-9C84-6CC044668543}.Release|Any CPU.ActiveCfg = Release|Any CPU
		{5A2D0BAB-AB15-4E53-9C84-6CC044668543}.Release|Any CPU.Build.0 = Release|Any CPU
		{FCF9971E-B49D-44AE-9BAA-0FF79AB913FD}.Debug|Any CPU.ActiveCfg = Debug|Any CPU
		{FCF9971E-B49D-44AE-9BAA-0FF79AB913FD}.Debug|Any CPU.Build.0 = Debug|Any CPU
		{FCF9971E-B49D-44AE-9BAA-0FF79AB913FD}.Release|Any CPU.ActiveCfg = Release|Any CPU
		{FCF9971E-B49D-44AE-9BAA-0FF79AB913FD}.Release|Any CPU.Build.0 = Release|Any CPU
		{2FDC0CF1-697F-46DB-883B-BCC68544C6F8}.Debug|Any CPU.ActiveCfg = Debug|Any CPU
		{2FDC0CF1-697F-46DB-883B-BCC68544C6F8}.Debug|Any CPU.Build.0 = Debug|Any CPU
		{2FDC0CF1-697F-46DB-883B-BCC68544C6F8}.Release|Any CPU.ActiveCfg = Release|Any CPU
		{2FDC0CF1-697F-46DB-883B-BCC68544C6F8}.Release|Any CPU.Build.0 = Release|Any CPU
		{F7D827D7-604D-4B6D-BE7F-99FF3FE1E43B}.Debug|Any CPU.ActiveCfg = Debug|Any CPU
		{F7D827D7-604D-4B6D-BE7F-99FF3FE1E43B}.Debug|Any CPU.Build.0 = Debug|Any CPU
		{F7D827D7-604D-4B6D-BE7F-99FF3FE1E43B}.Release|Any CPU.ActiveCfg = Release|Any CPU
		{F7D827D7-604D-4B6D-BE7F-99FF3FE1E43B}.Release|Any CPU.Build.0 = Release|Any CPU
		{BA4A1DAC-D7BB-4DB8-95D4-1DE7768E01D7}.Debug|Any CPU.ActiveCfg = Debug|Any CPU
		{BA4A1DAC-D7BB-4DB8-95D4-1DE7768E01D7}.Debug|Any CPU.Build.0 = Debug|Any CPU
		{BA4A1DAC-D7BB-4DB8-95D4-1DE7768E01D7}.Release|Any CPU.ActiveCfg = Release|Any CPU
		{BA4A1DAC-D7BB-4DB8-95D4-1DE7768E01D7}.Release|Any CPU.Build.0 = Release|Any CPU
		{D51CEF4E-FE23-4F51-B433-53F668C9F88A}.Debug|Any CPU.ActiveCfg = Debug|Any CPU
		{D51CEF4E-FE23-4F51-B433-53F668C9F88A}.Debug|Any CPU.Build.0 = Debug|Any CPU
		{D51CEF4E-FE23-4F51-B433-53F668C9F88A}.Release|Any CPU.ActiveCfg = Release|Any CPU
		{D51CEF4E-FE23-4F51-B433-53F668C9F88A}.Release|Any CPU.Build.0 = Release|Any CPU
		{69699450-A850-4691-88CB-941C7F045CF7}.Debug|Any CPU.ActiveCfg = Debug|Any CPU
		{69699450-A850-4691-88CB-941C7F045CF7}.Debug|Any CPU.Build.0 = Debug|Any CPU
		{69699450-A850-4691-88CB-941C7F045CF7}.Release|Any CPU.ActiveCfg = Release|Any CPU
		{69699450-A850-4691-88CB-941C7F045CF7}.Release|Any CPU.Build.0 = Release|Any CPU
		{7A7F278C-EB64-4251-9921-C3518400CF70}.Debug|Any CPU.ActiveCfg = Debug|Any CPU
		{7A7F278C-EB64-4251-9921-C3518400CF70}.Debug|Any CPU.Build.0 = Debug|Any CPU
		{7A7F278C-EB64-4251-9921-C3518400CF70}.Release|Any CPU.ActiveCfg = Release|Any CPU
		{7A7F278C-EB64-4251-9921-C3518400CF70}.Release|Any CPU.Build.0 = Release|Any CPU
		{BCA0D628-8D80-460C-AD51-D0FB31554FBB}.Debug|Any CPU.ActiveCfg = Debug|Any CPU
		{BCA0D628-8D80-460C-AD51-D0FB31554FBB}.Debug|Any CPU.Build.0 = Debug|Any CPU
		{BCA0D628-8D80-460C-AD51-D0FB31554FBB}.Release|Any CPU.ActiveCfg = Release|Any CPU
		{BCA0D628-8D80-460C-AD51-D0FB31554FBB}.Release|Any CPU.Build.0 = Release|Any CPU
		{7EA9BB93-B4A5-467D-9E95-E0621A3CA2AA}.Debug|Any CPU.ActiveCfg = Debug|Any CPU
		{7EA9BB93-B4A5-467D-9E95-E0621A3CA2AA}.Debug|Any CPU.Build.0 = Debug|Any CPU
		{7EA9BB93-B4A5-467D-9E95-E0621A3CA2AA}.Release|Any CPU.ActiveCfg = Release|Any CPU
		{7EA9BB93-B4A5-467D-9E95-E0621A3CA2AA}.Release|Any CPU.Build.0 = Release|Any CPU
		{45ED6A49-8381-47E0-8F99-A4F727903B25}.Debug|Any CPU.ActiveCfg = Debug|Any CPU
		{45ED6A49-8381-47E0-8F99-A4F727903B25}.Debug|Any CPU.Build.0 = Debug|Any CPU
		{45ED6A49-8381-47E0-8F99-A4F727903B25}.Release|Any CPU.ActiveCfg = Release|Any CPU
		{45ED6A49-8381-47E0-8F99-A4F727903B25}.Release|Any CPU.Build.0 = Release|Any CPU
	EndGlobalSection
	GlobalSection(SolutionProperties) = preSolution
		HideSolutionNode = FALSE
	EndGlobalSection
	GlobalSection(NestedProjects) = preSolution
		{5A2D0BAB-AB15-4E53-9C84-6CC044668543} = {8716F42F-4764-49AD-9D9B-97027952BEEE}
		{23506516-D857-4F86-885A-633E031FC0EF} = {0348D63D-72D6-47D4-A066-C3CE4D73E06C}
		{FCF9971E-B49D-44AE-9BAA-0FF79AB913FD} = {23506516-D857-4F86-885A-633E031FC0EF}
		{2FDC0CF1-697F-46DB-883B-BCC68544C6F8} = {DAAB2FC0-4765-41A2-958F-1B651F9DD423}
		{F7D827D7-604D-4B6D-BE7F-99FF3FE1E43B} = {DAAB2FC0-4765-41A2-958F-1B651F9DD423}
		{BA4A1DAC-D7BB-4DB8-95D4-1DE7768E01D7} = {23506516-D857-4F86-885A-633E031FC0EF}
		{FA8C0AEE-8343-449F-8608-661C0F4686B3} = {0348D63D-72D6-47D4-A066-C3CE4D73E06C}
		{D51CEF4E-FE23-4F51-B433-53F668C9F88A} = {FA8C0AEE-8343-449F-8608-661C0F4686B3}
		{69699450-A850-4691-88CB-941C7F045CF7} = {FA8C0AEE-8343-449F-8608-661C0F4686B3}
		{C6E9CCA3-C156-45AF-B133-2821AF0C6784} = {0348D63D-72D6-47D4-A066-C3CE4D73E06C}
		{7A7F278C-EB64-4251-9921-C3518400CF70} = {C6E9CCA3-C156-45AF-B133-2821AF0C6784}
		{2DE380DC-3370-4F1B-9394-35BBA03BAE8A} = {86F9841D-80DE-4B4F-8326-DA92D3032BDA}
		{BCA0D628-8D80-460C-AD51-D0FB31554FBB} = {2DE380DC-3370-4F1B-9394-35BBA03BAE8A}
		{7EA9BB93-B4A5-467D-9E95-E0621A3CA2AA} = {DAAB2FC0-4765-41A2-958F-1B651F9DD423}
		{45ED6A49-8381-47E0-8F99-A4F727903B25} = {23506516-D857-4F86-885A-633E031FC0EF}
	EndGlobalSection
	GlobalSection(ExtensibilityGlobals) = postSolution
		SolutionGuid = {A2C916B4-1283-4628-84A3-4769A0D9204A}
	EndGlobalSection
EndGlobal
